Microsoft Visual Studio Solution File, Format Version 12.00
# Visual Studio 2015
Project("{8BC9CEB8-8B4A-11D0-8D11-00A0C91BC942}") = "rcedit", "rcedit.vcxproj", "{3609DBE4-DFE6-667B-C659-D6913E25C767}"
EndProject
Global
	GlobalSection(SolutionConfigurationPlatforms) = preSolution
		Default|x64 = Default|x64
		Default|Win32 = Default|Win32
	EndGlobalSection
	GlobalSection(ProjectConfigurationPlatforms) = postSolution
		{3609DBE4-DFE6-667B-C659-D6913E25C767}.Default|x64.ActiveCfg = Default|x64
		{3609DBE4-DFE6-667B-C659-D6913E25C767}.Default|x64.Build.0 = Default|x64
		{3609DBE4-DFE6-667B-C659-D6913E25C767}.Default|Win32.ActiveCfg = Default|Win32
		{3609DBE4-DFE6-667B-C659-D6913E25C767}.Default|Win32.Build.0 = Default|Win32
	EndGlobalSection
	GlobalSection(SolutionProperties) = preSolution
		HideSolutionNode = FALSE
	EndGlobalSection
EndGlobal
